{
  "name": "bootstrap-material-datetimepicker",
  "version": "2.7.1",
  "lockfileVersion": 1,
  "requires": true,
  "dependencies": {
    "bootstrap": {
      "version": "3.3.7",
      "resolved": "https://registry.npmjs.org/bootstrap/-/bootstrap-3.3.7.tgz",
      "integrity": "sha1-WjiTlFSfIzMIdaOxUGVldPip63E="
    },
    "bootstrap-material-design": {
      "version": "0.3.0",
      "resolved": "https://registry.npmjs.org/bootstrap-material-design/-/bootstrap-material-design-0.3.0.tgz",
      "integrity": "sha1-4j/DTrc6kjDVC732jJ/ul/xGW58=",
      "requires": {
        "bootstrap": "3.3.7",
        "jquery": "1.12.3"
      }
    },
    "jquery": {
      "version": "1.12.3",
      "resolved": "https://registry.npmjs.org/jquery/-/jquery-1.12.3.tgz",
      "integrity": "sha1-Epi4i5COfH91AeuMGmHxrIM3tTE="
    },
    "moment": {
      "version": "2.10.6",
      "resolved": "https://registry.npmjs.org/moment/-/moment-2.10.6.tgz",
      "integrity": "sha1-bLIZZ8ecunsMpeZmRPFzZis++nc="
    }
  }
}
